// !$*UTF8*$!
{
	archiveVersion = 1;
	classes = {
	};
	objectVersion = 46;
	objects = {

/* Begin PBXBuildFile section */
		01A151DB1C17513C006DD863 /* AppDelegate.swift in Sources */ = {isa = PBXBuildFile; fileRef = 01A151DA1C17513C006DD863 /* AppDelegate.swift */; };
		01A151E21C17513C006DD863 /* Assets.xcassets in Resources */ = {isa = PBXBuildFile; fileRef = 01A151E11C17513C006DD863 /* Assets.xcassets */; };
		01A151E51C17513C006DD863 /* LaunchScreen.storyboard in Resources */ = {isa = PBXBuildFile; fileRef = 01A151E31C17513C006DD863 /* LaunchScreen.storyboard */; };
		01A151F01C1752D5006DD863 /* GreenVC.swift in Sources */ = {isa = PBXBuildFile; fileRef = 01A151EF1C1752D5006DD863 /* GreenVC.swift */; };
		01A151F21C1752EA006DD863 /* BlueVC.swift in Sources */ = {isa = PBXBuildFile; fileRef = 01A151F11C1752EA006DD863 /* BlueVC.swift */; };
		01A151F41C17532F006DD863 /* RedVC.swift in Sources */ = {isa = PBXBuildFile; fileRef = 01A151F31C17532F006DD863 /* RedVC.swift */; };
		01A151F61C1753B2006DD863 /* RedVC.xib in Resources */ = {isa = PBXBuildFile; fileRef = 01A151F51C1753B2006DD863 /* RedVC.xib */; };
		01A151F81C1754C9006DD863 /* BlueVC.xib in Resources */ = {isa = PBXBuildFile; fileRef = 01A151F71C1754C9006DD863 /* BlueVC.xib */; };
		01A151FA1C1754EF006DD863 /* GreenVC.xib in Resources */ = {isa = PBXBuildFile; fileRef = 01A151F91C1754EF006DD863 /* GreenVC.xib */; };
/* End PBXBuildFile section */

/* Begin PBXFileReference section */
		01A151D71C17513C006DD863 /* StoryboardFreePractice.app */ = {isa = PBXFileReference; explicitFileType = wrapper.application; includeInIndex = 0; path = StoryboardFreePractice.app; sourceTree = BUILT_PRODUCTS_DIR; };
		01A151DA1C17513C006DD863 /* AppDelegate.swift */ = {isa = PBXFileReference; lastKnownFileType = sourcecode.swift; path = AppDelegate.swift; sourceTree = "<group>"; };
		01A151E11C17513C006DD863 /* Assets.xcassets */ = {isa = PBXFileReference; lastKnownFileType = folder.assetcatalog; path = Assets.xcassets; sourceTree = "<group>"; };
		01A151E41C17513C006DD863 /* Base */ = {isa = PBXFileReference; lastKnownFileType = file.storyboard; name = Base; path = Base.lproj/LaunchScreen.storyboard; sourceTree = "<group>"; };
		01A151E61C17513C006DD863 /* Info.plist */ = {isa = PBXFileReference; lastKnownFileType = text.plist.xml; path = Info.plist; sourceTree = "<group>"; };
		01A151EF1C1752D5006DD863 /* GreenVC.swift */ = {isa = PBXFileReference; fileEncoding = 4; lastKnownFileType = sourcecode.swift; path = GreenVC.swift; sourceTree = "<group>"; };
		01A151F11C1752EA006DD863 /* BlueVC.swift */ = {isa = PBXFileReference; fileEncoding = 4; lastKnownFileType = sourcecode.swift; path = BlueVC.swift; sourceTree = "<group>"; };
		01A151F31C17532F006DD863 /* RedVC.swift */ = {isa = PBXFileReference; fileEncoding = 4; lastKnownFileType = sourcecode.swift; path = RedVC.swift; sourceTree = "<group>"; };
		01A151F51C1753B2006DD863 /* RedVC.xib */ = {isa = PBXFileReference; fileEncoding = 4; lastKnownFileType = file.xib; path = RedVC.xib; sourceTree = "<group>"; };
		01A151F71C1754C9006DD863 /* BlueVC.xib */ = {isa = PBXFileReference; fileEncoding = 4; lastKnownFileType = file.xib; path = BlueVC.xib; sourceTree = "<group>"; };
		01A151F91C1754EF006DD863 /* GreenVC.xib */ = {isa = PBXFileReference; fileEncoding = 4; lastKnownFileType = file.xib; path = GreenVC.xib; sourceTree = "<group>"; };
/* End PBXFileReference section */

/* Begin PBXFrameworksBuildPhase section */
		01A151D41C17513C006DD863 /* Frameworks */ = {
			isa = PBXFrameworksBuildPhase;
			buildActionMask = 2147483647;
			files = (
			);
			runOnlyForDeploymentPostprocessing = 0;
		};
/* End PBXFrameworksBuildPhase section */

/* Begin PBXGroup section */
		01A151CE1C17513C006DD863 = {
			isa = PBXGroup;
			children = (
				01A151D91C17513C006DD863 /* StoryboardFreePractice */,
				01A151D81C17513C006DD863 /* Products */,
			);
			sourceTree = "<group>";
		};
		01A151D81C17513C006DD863 /* Products */ = {
			isa = PBXGroup;
			children = (
				01A151D71C17513C006DD863 /* StoryboardFreePractice.app */,
			);
			name = Products;
			sourceTree = "<group>";
		};
		01A151D91C17513C006DD863 /* StoryboardFreePractice */ = {
			isa = PBXGroup;
			children = (
				01A151EE1C1752B5006DD863 /* Controller */,
				01A151ED1C1752B1006DD863 /* View */,
				01A151EC1C1752AD006DD863 /* Model */,
				01A151DA1C17513C006DD863 /* AppDelegate.swift */,
				01A151E11C17513C006DD863 /* Assets.xcassets */,
				01A151E31C17513C006DD863 /* LaunchScreen.storyboard */,
				01A151E61C17513C006DD863 /* Info.plist */,
			);
			path = StoryboardFreePractice;
			sourceTree = "<group>";
		};
		01A151EC1C1752AD006DD863 /* Model */ = {
			isa = PBXGroup;
			children = (
			);
			name = Model;
			sourceTree = "<group>";
		};
		01A151ED1C1752B1006DD863 /* View */ = {
			isa = PBXGroup;
			children = (
				01A151F51C1753B2006DD863 /* RedVC.xib */,
				01A151F71C1754C9006DD863 /* BlueVC.xib */,
				01A151F91C1754EF006DD863 /* GreenVC.xib */,
			);
			name = View;
			sourceTree = "<group>";
		};
		01A151EE1C1752B5006DD863 /* Controller */ = {
			isa = PBXGroup;
			children = (
				01A151EF1C1752D5006DD863 /* GreenVC.swift */,
				01A151F31C17532F006DD863 /* RedVC.swift */,
				01A151F11C1752EA006DD863 /* BlueVC.swift */,
			);
			name = Controller;
			sourceTree = "<group>";
		};
/* End PBXGroup section */

/* Begin PBXNativeTarget section */
		01A151D61C17513C006DD863 /* StoryboardFreePractice */ = {
			isa = PBXNativeTarget;
			buildConfigurationList = 01A151E91C17513C006DD863 /* Build configuration list for PBXNativeTarget "StoryboardFreePractice" */;
			buildPhases = (
				01A151D31C17513C006DD863 /* Sources */,
				01A151D41C17513C006DD863 /* Frameworks */,
				01A151D51C17513C006DD863 /* Resources */,
			);
			buildRules = (
			);
			dependencies = (
			);
			name = StoryboardFreePractice;
			productName = StoryboardFreePractice;
			productReference = 01A151D71C17513C006DD863 /* StoryboardFreePractice.app */;
			productType = "com.apple.product-type.application";
		};
/* End PBXNativeTarget section */

/* Begin PBXProject section */
		01A151CF1C17513C006DD863 /* Project object */ = {
			isa = PBXProject;
			attributes = {
				LastSwiftUpdateCheck = 0710;
				LastUpgradeCheck = 0710;
				ORGANIZATIONNAME = Nick;
				TargetAttributes = {
					01A151D61C17513C006DD863 = {
						CreatedOnToolsVersion = 7.1.1;
					};
				};
			};
			buildConfigurationList = 01A151D21C17513C006DD863 /* Build configuration list for PBXProject "StoryboardFreePractice" */;
			compatibilityVersion = "Xcode 3.2";
			developmentRegion = English;
			hasScannedForEncodings = 0;
			knownRegions = (
				en,
				Base,
			);
			mainGroup = 01A151CE1C17513C006DD863;
			productRefGroup = 01A151D81C17513C006DD863 /* Products */;
			projectDirPath = "";
			projectRoot = "";
			targets = (
				01A151D61C17513C006DD863 /* StoryboardFreePractice */,
			);
		};
/* End PBXProject section */

/* Begin PBXResourcesBuildPhase section */
		01A151D51C17513C006DD863 /* Resources */ = {
			isa = PBXResourcesBuildPhase;
			buildActionMask = 2147483647;
			files = (
				01A151F81C1754C9006DD863 /* BlueVC.xib in Resources */,
				01A151E51C17513C006DD863 /* LaunchScreen.storyboard in Resources */,
				01A151E21C17513C006DD863 /* Assets.xcassets in Resources */,
				01A151F61C1753B2006DD863 /* RedVC.xib in Resources */,
				01A151FA1C1754EF006DD863 /* GreenVC.xib in Resources */,
			);
			runOnlyForDeploymentPostprocessing = 0;
		};
/* End PBXResourcesBuildPhase section */

/* Begin PBXSourcesBuildPhase section */
		01A151D31C17513C006DD863 /* Sources */ = {
			isa = PBXSourcesBuildPhase;
			buildActionMask = 2147483647;
			files = (
				01A151F21C1752EA006DD863 /* BlueVC.swift in Sources */,
				01A151F01C1752D5006DD863 /* GreenVC.swift in Sources */,
				01A151F41C17532F006DD863 /* RedVC.swift in Sources */,
				01A151DB1C17513C006DD863 /* AppDelegate.swift in Sources */,
			);
			runOnlyForDeploymentPostprocessing = 0;
		};
/* End PBXSourcesBuildPhase section */

/* Begin PBXVariantGroup section */
		01A151E31C17513C006DD863 /* LaunchScreen.storyboard */ = {
			isa = PBXVariantGroup;
			children = (
				01A151E41C17513C006DD863 /* Base */,
			);
			name = LaunchScreen.storyboard;
			sourceTree = "<group>";
		};
/* End PBXVariantGroup section */

/* Begin XCBuildConfiguration section */
		01A151E71C17513C006DD863 /* Debug */ = {
			isa = XCBuildConfiguration;
			buildSettings = {
				ALWAYS_SEARCH_USER_PATHS = NO;
				CLANG_CXX_LANGUAGE_STANDARD = "gnu++0x";
				CLANG_CXX_LIBRARY = "libc++";
				CLANG_ENABLE_MODULES = YES;
				CLANG_ENABLE_OBJC_ARC = YES;
				CLANG_WARN_BOOL_CONVERSION = YES;
				CLANG_WARN_CONSTANT_CONVERSION = YES;
				CLANG_WARN_DIRECT_OBJC_ISA_USAGE = YES_ERROR;
				CLANG_WARN_EMPTY_BODY = YES;
				CLANG_WARN_ENUM_CONVERSION = YES;
				CLANG_WARN_INT_CONVERSION = YES;
				CLANG_WARN_OBJC_ROOT_CLASS = YES_ERROR;
				CLANG_WARN_UNREACHABLE_CODE = YES;
				CLANG_WARN__DUPLICATE_METHOD_MATCH = YES;
				"CODE_SIGN_IDENTITY[sdk=iphoneos*]" = "iPhone Developer";
				COPY_PHASE_STRIP = NO;
				DEBUG_INFORMATION_FORMAT = dwarf;
				ENABLE_STRICT_OBJC_MSGSEND = YES;
				ENABLE_TESTABILITY = YES;
				GCC_C_LANGUAGE_STANDARD = gnu99;
				GCC_DYNAMIC_NO_PIC = NO;
				GCC_NO_COMMON_BLOCKS = YES;
				GCC_OPTIMIZATION_LEVEL = 0;
				GCC_PREPROCESSOR_DEFINITIONS = (
					"DEBUG=1",
					"$(inherited)",
				);
				GCC_WARN_64_TO_32_BIT_CONVERSION = YES;
				GCC_WARN_ABOUT_RETURN_TYPE = YES_ERROR;
				GCC_WARN_UNDECLARED_SELECTOR = YES;
				GCC_WARN_UNINITIALIZED_AUTOS = YES_AGGRESSIVE;
				GCC_WARN_UNUSED_FUNCTION = YES;
				GCC_WARN_UNUSED_VARIABLE = YES;
				IPHONEOS_DEPLOYMENT_TARGET = 9.1;
				MTL_ENABLE_DEBUG_INFO = YES;
				ONLY_ACTIVE_ARCH = YES;
				SDKROOT = iphoneos;
				SWIFT_OPTIMIZATION_LEVEL = "-Onone";
				TARGETED_DEVICE_FAMILY = "1,2";
			};
			name = Debug;
		};
		01A151E81C17513C006DD863 /* Release */ = {
			isa = XCBuildConfiguration;
			buildSettings = {
				ALWAYS_SEARCH_USER_PATHS = NO;
				CLANG_CXX_LANGUAGE_STANDARD = "gnu++0x";
				CLANG_CXX_LIBRARY = "libc++";
				CLANG_ENABLE_MODULES = YES;
				CLANG_ENABLE_OBJC_ARC = YES;
				CLANG_WARN_BOOL_CONVERSION = YES;
				CLANG_WARN_CONSTANT_CONVERSION = YES;
				CLANG_WARN_DIRECT_OBJC_ISA_USAGE = YES_ERROR;
				CLANG_WARN_EMPTY_BODY = YES;
				CLANG_WARN_ENUM_CONVERSION = YES;
				CLANG_WARN_INT_CONVERSION = YES;
				CLANG_WARN_OBJC_ROOT_CLASS = YES_ERROR;
				CLANG_WARN_UNREACHABLE_CODE = YES;
				CLANG_WARN__DUPLICATE_METHOD_MATCH = YES;
				"CODE_SIGN_IDENTITY[sdk=iphoneos*]" = "iPhone Developer";
				COPY_PHASE_STRIP = NO;
				DEBUG_INFORMATION_FORMAT = "dwarf-with-dsym";
				ENABLE_NS_ASSERTIONS = NO;
				ENABLE_STRICT_OBJC_MSGSEND = YES;
				GCC_C_LANGUAGE_STANDARD = gnu99;
				GCC_NO_COMMON_BLOCKS = YES;
				GCC_WARN_64_TO_32_BIT_CONVERSION = YES;
				GCC_WARN_ABOUT_RETURN_TYPE = YES_ERROR;
				GCC_WARN_UNDECLARED_SELECTOR = YES;
				GCC_WARN_UNINITIALIZED_AUTOS = YES_AGGRESSIVE;
				GCC_WARN_UNUSED_FUNCTION = YES;
				GCC_WARN_UNUSED_VARIABLE = YES;
				IPHONEOS_DEPLOYMENT_TARGET = 9.1;
				MTL_ENABLE_DEBUG_INFO = NO;
				SDKROOT = iphoneos;
				TARGETED_DEVICE_FAMILY = "1,2";
				VALIDATE_PRODUCT = YES;
			};
			name = Release;
		};
		01A151EA1C17513C006DD863 /* Debug */ = {
			isa = XCBuildConfiguration;
			buildSettings = {
				ASSETCATALOG_COMPILER_APPICON_NAME = AppIcon;
				INFOPLIST_FILE = StoryboardFreePractice/Info.plist;
				LD_RUNPATH_SEARCH_PATHS = "$(inherited) @executable_path/Frameworks";
				PRODUCT_BUNDLE_IDENTIFIER = com.nicholaspsmith.StoryboardFreePractice;
				PRODUCT_NAME = "$(TARGET_NAME)";
			};
			name = Debug;
		};
		01A151EB1C17513C006DD863 /* Release */ = {
			isa = XCBuildConfiguration;
			buildSettings = {
				ASSETCATALOG_COMPILER_APPICON_NAME = AppIcon;
				INFOPLIST_FILE = StoryboardFreePractice/Info.plist;
				LD_RUNPATH_SEARCH_PATHS = "$(inherited) @executable_path/Frameworks";
				PRODUCT_BUNDLE_IDENTIFIER = com.nicholaspsmith.StoryboardFreePractice;
				PRODUCT_NAME = "$(TARGET_NAME)";
			};
			name = Release;
		};
/* End XCBuildConfiguration section */

/* Begin XCConfigurationList section */
		01A151D21C17513C006DD863 /* Build configuration list for PBXProject "StoryboardFreePractice" */ = {
			isa = XCConfigurationList;
			buildConfigurations = (
				01A151E71C17513C006DD863 /* Debug */,
				01A151E81C17513C006DD863 /* Release */,
			);
			defaultConfigurationIsVisible = 0;
			defaultConfigurationName = Release;
		};
		01A151E91C17513C006DD863 /* Build configuration list for PBXNativeTarget "StoryboardFreePractice" */ = {
			isa = XCConfigurationList;
			buildConfigurations = (
				01A151EA1C17513C006DD863 /* Debug */,
				01A151EB1C17513C006DD863 /* Release */,
			);
			defaultConfigurationIsVisible = 0;
		};
/* End XCConfigurationList section */
	};
	rootObject = 01A151CF1C17513C006DD863 /* Project object */;
}
